
Microsoft Visual Studio Solution File, Format Version 12.00
# Visual Studio Version 16
VisualStudioVersion = 25.0.1704.0
MinimumVisualStudioVersion = 10.0.40219.1
Project("{FAE04EC0-301F-11D3-BF4B-00C04F79EFBC}") = "1- Olá Mundo", "1- Olá Mundo\1- Olá Mundo.csproj", "{1ACAC6D1-F86F-46EC-82A6-75EAF649B49A}"
EndProject
Project("{FAE04EC0-301F-11D3-BF4B-00C04F79EFBC}") = "2- Criando Variáveis", "2- Criando Variáveis\2- Criando Variáveis.csproj", "{E0ECFB09-7A98-4DE4-8FD3-364E5E00D10E}"
EndProject
Project("{FAE04EC0-301F-11D3-BF4B-00C04F79EFBC}") = "3- CriandoVariaveisPontoFlutuante", "3- CriandoVariaveisPontoFlutuante\3- CriandoVariaveisPontoFlutuante.csproj", "{0FC325F1-1454-432C-B4BB-0F5C7545C6B9}"
EndProject
Project("{FAE04EC0-301F-11D3-BF4B-00C04F79EFBC}") = "ConversoesEOutrosTipos", "ConversoesEOutrosTipos\ConversoesEOutrosTipos.csproj", "{CE90A94B-8110-41A1-997F-7CA53FE9AAA8}"
EndProject
Global
	GlobalSection(SolutionConfigurationPlatforms) = preSolution
		Debug|Any CPU = Debug|Any CPU
		Release|Any CPU = Release|Any CPU
	EndGlobalSection
	GlobalSection(ProjectConfigurationPlatforms) = postSolution
		{1ACAC6D1-F86F-46EC-82A6-75EAF649B49A}.Debug|Any CPU.ActiveCfg = Debug|Any CPU
		{1ACAC6D1-F86F-46EC-82A6-75EAF649B49A}.Debug|Any CPU.Build.0 = Debug|Any CPU
		{1ACAC6D1-F86F-46EC-82A6-75EAF649B49A}.Release|Any CPU.ActiveCfg = Release|Any CPU
		{1ACAC6D1-F86F-46EC-82A6-75EAF649B49A}.Release|Any CPU.Build.0 = Release|Any CPU
		{E0ECFB09-7A98-4DE4-8FD3-364E5E00D10E}.Debug|Any CPU.ActiveCfg = Debug|Any CPU
		{E0ECFB09-7A98-4DE4-8FD3-364E5E00D10E}.Debug|Any CPU.Build.0 = Debug|Any CPU
		{E0ECFB09-7A98-4DE4-8FD3-364E5E00D10E}.Release|Any CPU.ActiveCfg = Release|Any CPU
		{E0ECFB09-7A98-4DE4-8FD3-364E5E00D10E}.Release|Any CPU.Build.0 = Release|Any CPU
		{0FC325F1-1454-432C-B4BB-0F5C7545C6B9}.Debug|Any CPU.ActiveCfg = Debug|Any CPU
		{0FC325F1-1454-432C-B4BB-0F5C7545C6B9}.Debug|Any CPU.Build.0 = Debug|Any CPU
		{0FC325F1-1454-432C-B4BB-0F5C7545C6B9}.Release|Any CPU.ActiveCfg = Release|Any CPU
		{0FC325F1-1454-432C-B4BB-0F5C7545C6B9}.Release|Any CPU.Build.0 = Release|Any CPU
		{CE90A94B-8110-41A1-997F-7CA53FE9AAA8}.Debug|Any CPU.ActiveCfg = Debug|Any CPU
		{CE90A94B-8110-41A1-997F-7CA53FE9AAA8}.Debug|Any CPU.Build.0 = Debug|Any CPU
		{CE90A94B-8110-41A1-997F-7CA53FE9AAA8}.Release|Any CPU.ActiveCfg = Release|Any CPU
		{CE90A94B-8110-41A1-997F-7CA53FE9AAA8}.Release|Any CPU.Build.0 = Release|Any CPU
	EndGlobalSection
	GlobalSection(SolutionProperties) = preSolution
		HideSolutionNode = FALSE
	EndGlobalSection
	GlobalSection(ExtensibilityGlobals) = postSolution
		SolutionGuid = {DE1018EC-7252-439C-8137-CF8A99CE2F54}
	EndGlobalSection
EndGlobal
